{
  "name": "common",
  "version": "1.0.0",
  "lockfileVersion": 3,
  "requires": true,
  "packages": {
    "": {
      "name": "common",
      "version": "1.0.0",
      "license": "ISC",
      "dependencies": {
        "@protobuf-ts/runtime": "^2.9.3",
        "@protobuf-ts/runtime-rpc": "^2.9.3",
        "typescript": "^5.3.3"
      }
    },
    "node_modules/@protobuf-ts/runtime": {
      "version": "2.9.3",
      "resolved": "https://registry.npmjs.org/@protobuf-ts/runtime/-/runtime-2.9.3.tgz",
      "integrity": "sha512-nivzCpg/qYD0RX2OmHOahJALb8ndjGmUhNBcTJ0BbXoqKwCSM6vYA+vegzS3rhuaPgbyC7Ec8idlnizzUfIRuw=="
    },
    "node_modules/@protobuf-ts/runtime-rpc": {
      "version": "2.9.3",
      "resolved": "https://registry.npmjs.org/@protobuf-ts/runtime-rpc/-/runtime-rpc-2.9.3.tgz",
      "integrity": "sha512-WelHpctvZeG8yhbb7tnsrLzotq9xjMCXuGuhJ8qMyEdNoBBEodbXseofAYFTebo2/PN2LzyEq3X6vwr5f8jqTA==",
      "dependencies": {
        "@protobuf-ts/runtime": "^2.9.3"
      }
    },
    "node_modules/typescript": {
      "version": "5.3.3",
      "resolved": "https://registry.npmjs.org/typescript/-/typescript-5.3.3.tgz",
      "integrity": "sha512-pXWcraxM0uxAS+tN0AG/BF2TyqmHO014Z070UsJ+pFvYuRSq8KH8DmWpnbXe0pEPDHXZV3FcAbJkijJ5oNEnWw==",
      "bin": {
        "tsc": "bin/tsc",
        "tsserver": "bin/tsserver"
      },
      "engines": {
        "node": ">=14.17"
      }
    }
  }
}
